{
    "_readme": [
        "This file locks the dependencies of your project to a known state",
        "Read more about it at https://getcomposer.org/doc/01-basic-usage.md#installing-dependencies",
        "This file is @generated automatically"
    ],
    "content-hash": "aa66818b58335aa95d620d9b24fdd81a",
    "packages": [
        {
            "name": "blesta/composer-installer",
            "version": "1.1.0",
            "source": {
                "type": "git",
                "url": "https://github.com/blesta/composer-installer.git",
                "reference": "f0529f892e4cb0db5e9e949031965f212c7da269"
            },
            "dist": {
                "type": "zip",
                "url": "https://api.github.com/repos/blesta/composer-installer/zipball/f0529f892e4cb0db5e9e949031965f212c7da269",
                "reference": "f0529f892e4cb0db5e9e949031965f212c7da269",
                "shasum": ""
            },
            "require": {
                "composer/installers": "~1.0",
                "php": ">=5.3"
            },
            "require-dev": {
                "composer/composer": "1.0.*@dev",
                "phpunit/phpunit": "~4.6",
                "satooshi/php-coveralls": "dev-master",
                "squizlabs/php_codesniffer": "~2.2"
            },
            "type": "composer-installer",
            "extra": {
                "class": "Blesta\\Composer\\Installer\\Installer"
            },
            "autoload": {
                "psr-4": {
                    "Blesta\\Composer\\Installer\\": "src/"
                }
            },
            "notification-url": "https://packagist.org/downloads/",
            "license": [
                "MIT"
            ],
            "time": "2020-09-15T19:38:42+00:00"
        },
        {
            "name": "composer/installers",
            "version": "v1.10.0",
            "source": {
                "type": "git",
                "url": "https://github.com/composer/installers.git",
                "reference": "1a0357fccad9d1cc1ea0c9a05b8847fbccccb78d"
            },
            "dist": {
                "type": "zip",
                "url": "https://api.github.com/repos/composer/installers/zipball/1a0357fccad9d1cc1ea0c9a05b8847fbccccb78d",
                "reference": "1a0357fccad9d1cc1ea0c9a05b8847fbccccb78d",
                "shasum": ""
            },
            "require": {
                "composer-plugin-api": "^1.0 || ^2.0"
            },
            "replace": {
                "roundcube/plugin-installer": "*",
                "shama/baton": "*"
            },
            "require-dev": {
                "composer/composer": "1.6.* || ^2.0",
                "composer/semver": "^1 || ^3",
                "phpstan/phpstan": "^0.12.55",
                "phpstan/phpstan-phpunit": "^0.12.16",
                "symfony/phpunit-bridge": "^4.2 || ^5",
                "symfony/process": "^2.3"
            },
            "type": "composer-plugin",
            "extra": {
                "class": "Composer\\Installers\\Plugin",
                "branch-alias": {
                    "dev-main": "1.x-dev"
                }
            },
            "autoload": {
                "psr-4": {
                    "Composer\\Installers\\": "src/Composer/Installers"
                }
            },
            "notification-url": "https://packagist.org/downloads/",
            "license": [
                "MIT"
            ],
            "authors": [
                {
                    "name": "Kyle Robinson Young",
                    "email": "kyle@dontkry.com",
                    "homepage": "https://github.com/shama"
                }
            ],
            "description": "A multi-framework Composer library installer",
            "homepage": "https://composer.github.io/installers/",
            "keywords": [
                "Craft",
                "Dolibarr",
                "Eliasis",
                "Hurad",
                "ImageCMS",
                "Kanboard",
                "Lan Management System",
                "MODX Evo",
                "MantisBT",
                "Mautic",
                "Maya",
                "OXID",
                "Plentymarkets",
                "Porto",
                "RadPHP",
                "SMF",
                "Starbug",
                "Thelia",
                "Whmcs",
                "WolfCMS",
                "agl",
                "aimeos",
                "annotatecms",
                "attogram",
                "bitrix",
                "cakephp",
                "chef",
                "cockpit",
                "codeigniter",
                "concrete5",
                "croogo",
                "dokuwiki",
                "drupal",
                "eZ Platform",
                "elgg",
                "expressionengine",
                "fuelphp",
                "grav",
                "installer",
                "itop",
                "joomla",
                "known",
                "kohana",
                "laravel",
                "lavalite",
                "lithium",
                "magento",
                "majima",
                "mako",
                "mediawiki",
                "modulework",
                "modx",
                "moodle",
                "osclass",
                "phpbb",
                "piwik",
                "ppi",
                "processwire",
                "puppet",
                "pxcms",
                "reindex",
                "roundcube",
                "shopware",
                "silverstripe",
                "sydes",
                "sylius",
                "symfony",
                "typo3",
                "wordpress",
                "yawik",
                "zend",
                "zikula"
            ],
            "funding": [
                {
                    "url": "https://packagist.com",
                    "type": "custom"
                },
                {
                    "url": "https://github.com/composer",
                    "type": "github"
                },
                {
                    "url": "https://tidelift.com/funding/github/packagist/composer/composer",
                    "type": "tidelift"
                }
            ],
            "time": "2021-01-14T11:07:16+00:00"
        },
        {
            "name": "quickbooks/v3-php-sdk",
            "version": "6.0.0",
            "source": {
                "type": "git",
                "url": "https://github.com/intuit/QuickBooks-V3-PHP-SDK.git",
                "reference": "73c395d7243fa4dc63027a94cda20180c8b3b5cb"
            },
            "dist": {
                "type": "zip",
                "url": "https://api.github.com/repos/intuit/QuickBooks-V3-PHP-SDK/zipball/73c395d7243fa4dc63027a94cda20180c8b3b5cb",
                "reference": "73c395d7243fa4dc63027a94cda20180c8b3b5cb",
                "shasum": ""
            },
            "require": {
                "ext-dom": "*",
                "ext-mbstring": "*",
                "php": ">=5.6.0"
            },
            "require-dev": {
                "phpunit/phpunit": "^5.0 || ^6.0 || ^7.0"
            },
            "suggest": {
                "ext-curl": "Uses Curl to make HTTP Requests",
                "guzzlehttp/guzzle": "Uses Guzzle to make HTTP Requests"
            },
            "type": "library",
            "autoload": {
                "psr-4": {
                    "QuickBooksOnline\\API\\": "src/"
                }
            },
            "notification-url": "https://packagist.org/downloads/",
            "license": [
                "Apache-2.0"
            ],
            "authors": [
                {
                    "name": "abisalehalliprasan",
                    "email": "anil_kumar3@intuit.com"
                }
            ],
            "description": "The Official PHP SDK for QuickBooks Online Accounting API",
            "homepage": "http://developer.intuit.com",
            "keywords": [
                "api",
                "http",
                "quickbooks",
                "rest",
                "smallbusiness"
            ],
            "time": "2021-02-09T17:38:58+00:00"
        }
    ],
    "packages-dev": [],
    "aliases": [],
    "minimum-stability": "stable",
    "stability-flags": [],
    "prefer-stable": false,
    "prefer-lowest": false,
    "platform": [],
    "platform-dev": [],
    "plugin-api-version": "1.1.0"
}
